
Microsoft Visual Studio Solution File, Format Version 12.00
Project("{FAE04EC0-301F-11D3-BF4B-00C04F79EFBC}") = "day1", "day1\day1.csproj", "{F20888E5-9F28-4200-AD96-E7F8B89D06B2}"
EndProject
Global
	GlobalSection(SolutionConfigurationPlatforms) = preSolution
		Debug|Any CPU = Debug|Any CPU
		Release|Any CPU = Release|Any CPU
	EndGlobalSection
	GlobalSection(ProjectConfigurationPlatforms) = postSolution
		{F20888E5-9F28-4200-AD96-E7F8B89D06B2}.Debug|Any CPU.ActiveCfg = Debug|Any CPU
		{F20888E5-9F28-4200-AD96-E7F8B89D06B2}.Debug|Any CPU.Build.0 = Debug|Any CPU
		{F20888E5-9F28-4200-AD96-E7F8B89D06B2}.Release|Any CPU.ActiveCfg = Release|Any CPU
		{F20888E5-9F28-4200-AD96-E7F8B89D06B2}.Release|Any CPU.Build.0 = Release|Any CPU
	EndGlobalSection
EndGlobal
